
Microsoft Visual Studio Solution File, Format Version 11.00
# Visual Studio 2010
Project("{FAE04EC0-301F-11D3-BF4B-00C04F79EFBC}") = "GamePrototype", "Assembly-CSharp-firstpass.csproj", "{9F0F60EF-FC67-8FEF-9AA1-A6FA560CB3A6}"
EndProject
Project("{FAE04EC0-301F-11D3-BF4B-00C04F79EFBC}") = "GamePrototype", "Assembly-CSharp.csproj", "{D05E7CD8-CFB8-D90F-E408-EF5F5A628A69}"
EndProject
Project("{FAE04EC0-301F-11D3-BF4B-00C04F79EFBC}") = "GamePrototype", "Assembly-CSharp-Editor-firstpass.csproj", "{545984BC-3B76-1F24-8641-6A5297C53420}"
EndProject
Global
	GlobalSection(SolutionConfigurationPlatforms) = preSolution
		Debug|Any CPU = Debug|Any CPU
		Release|Any CPU = Release|Any CPU
	EndGlobalSection
	GlobalSection(ProjectConfigurationPlatforms) = postSolution
		{9F0F60EF-FC67-8FEF-9AA1-A6FA560CB3A6}.Debug|Any CPU.ActiveCfg = Debug|Any CPU
		{9F0F60EF-FC67-8FEF-9AA1-A6FA560CB3A6}.Debug|Any CPU.Build.0 = Debug|Any CPU
		{9F0F60EF-FC67-8FEF-9AA1-A6FA560CB3A6}.Release|Any CPU.ActiveCfg = Release|Any CPU
		{9F0F60EF-FC67-8FEF-9AA1-A6FA560CB3A6}.Release|Any CPU.Build.0 = Release|Any CPU
		{D05E7CD8-CFB8-D90F-E408-EF5F5A628A69}.Debug|Any CPU.ActiveCfg = Debug|Any CPU
		{D05E7CD8-CFB8-D90F-E408-EF5F5A628A69}.Debug|Any CPU.Build.0 = Debug|Any CPU
		{D05E7CD8-CFB8-D90F-E408-EF5F5A628A69}.Release|Any CPU.ActiveCfg = Release|Any CPU
		{D05E7CD8-CFB8-D90F-E408-EF5F5A628A69}.Release|Any CPU.Build.0 = Release|Any CPU
		{545984BC-3B76-1F24-8641-6A5297C53420}.Debug|Any CPU.ActiveCfg = Debug|Any CPU
		{545984BC-3B76-1F24-8641-6A5297C53420}.Debug|Any CPU.Build.0 = Debug|Any CPU
		{545984BC-3B76-1F24-8641-6A5297C53420}.Release|Any CPU.ActiveCfg = Release|Any CPU
		{545984BC-3B76-1F24-8641-6A5297C53420}.Release|Any CPU.Build.0 = Release|Any CPU
	EndGlobalSection
	GlobalSection(SolutionProperties) = preSolution
		HideSolutionNode = FALSE
	EndGlobalSection
	GlobalSection(MonoDevelopProperties) = preSolution
		StartupItem = Assembly-CSharp.csproj
	EndGlobalSection
EndGlobal
